// !$*UTF8*$!
{
	archiveVersion = 1;
	classes = {
	};
	objectVersion = 51;
	objects = {

/* Begin PBXBuildFile section */
		2C27DFECF627EA141142B2D9 /* Pods_FolledoUserAuth.framework in Frameworks */ = {isa = PBXBuildFile; fileRef = FE961C265B33BA854AAC60A5 /* Pods_FolledoUserAuth.framework */; };
		2EBC6CD801D43829B2213567 /* Pods_FolledoUserAuth_FolledoUserAuthUITests.framework in Frameworks */ = {isa = PBXBuildFile; fileRef = A7CECED3FE3D6ADC72AB6353 /* Pods_FolledoUserAuth_FolledoUserAuthUITests.framework */; };
		33364DA523526A1B00259081 /* Authentication.storyboard in Resources */ = {isa = PBXBuildFile; fileRef = 33364DA423526A1B00259081 /* Authentication.storyboard */; };
		33364DA72352833100259081 /* AuthMenuVC.swift in Sources */ = {isa = PBXBuildFile; fileRef = 33364DA62352833100259081 /* AuthMenuVC.swift */; };
		33364DAE23529E4900259081 /* UIView_Layouts+extensions.swift in Sources */ = {isa = PBXBuildFile; fileRef = 33364DAD23529E4900259081 /* UIView_Layouts+extensions.swift */; };
		333AB14D237F99D0006118AC /* UIButton+extensions.swift in Sources */ = {isa = PBXBuildFile; fileRef = 333AB14C237F99D0006118AC /* UIButton+extensions.swift */; };
		333B841D23545B060061FB2C /* FinishRegistrationVC.swift in Sources */ = {isa = PBXBuildFile; fileRef = 333B841C23545B060061FB2C /* FinishRegistrationVC.swift */; };
		3341F6F92354F0D7008DD935 /* GoogleService-Info.plist in Resources */ = {isa = PBXBuildFile; fileRef = 3341F6F82354F0D7008DD935 /* GoogleService-Info.plist */; };
		3341F6FB23550311008DD935 /* User.swift in Sources */ = {isa = PBXBuildFile; fileRef = 3341F6FA23550311008DD935 /* User.swift */; };
		3341F6FD23554434008DD935 /* UITextField+extensions.swift in Sources */ = {isa = PBXBuildFile; fileRef = 3341F6FC23554434008DD935 /* UITextField+extensions.swift */; };
		3341F701235575D3008DD935 /* AccountTableVC.swift in Sources */ = {isa = PBXBuildFile; fileRef = 3341F700235575D3008DD935 /* AccountTableVC.swift */; };
		3341F704235576F5008DD935 /* AccountCell.swift in Sources */ = {isa = PBXBuildFile; fileRef = 3341F703235576F5008DD935 /* AccountCell.swift */; };
		33444BBD2353131E0062BB97 /* login.png in Resources */ = {isa = PBXBuildFile; fileRef = 33444BBB2353131E0062BB97 /* login.png */; };
		33444BBE2353131E0062BB97 /* register.png in Resources */ = {isa = PBXBuildFile; fileRef = 33444BBC2353131E0062BB97 /* register.png */; };
		3348A66F237E7652003A9576 /* UnderlinedTextField.swift in Sources */ = {isa = PBXBuildFile; fileRef = 3348A66E237E7652003A9576 /* UnderlinedTextField.swift */; };
		3348A671237E865B003A9576 /* AuthenticationVC.swift in Sources */ = {isa = PBXBuildFile; fileRef = 3348A670237E865B003A9576 /* AuthenticationVC.swift */; };
		3348A673237E9A8F003A9576 /* CATransition+extensions.swift in Sources */ = {isa = PBXBuildFile; fileRef = 3348A672237E9A8F003A9576 /* CATransition+extensions.swift */; };
		3349B9C923525DBF0045CFF8 /* Constants.swift in Sources */ = {isa = PBXBuildFile; fileRef = 3349B9C823525DBF0045CFF8 /* Constants.swift */; };
		3349B9CB23525DC70045CFF8 /* Service.swift in Sources */ = {isa = PBXBuildFile; fileRef = 3349B9CA23525DC70045CFF8 /* Service.swift */; };
		3349B9D0235260D10045CFF8 /* UIColor+extensions.swift in Sources */ = {isa = PBXBuildFile; fileRef = 3349B9CF235260D10045CFF8 /* UIColor+extensions.swift */; };
		3349B9D2235261270045CFF8 /* String+extensions.swift in Sources */ = {isa = PBXBuildFile; fileRef = 3349B9D1235261270045CFF8 /* String+extensions.swift */; };
		3349B9D4235261380045CFF8 /* UIImageView+extensions.swift in Sources */ = {isa = PBXBuildFile; fileRef = 3349B9D3235261380045CFF8 /* UIImageView+extensions.swift */; };
		3349B9D6235261500045CFF8 /* UILabel+extensions.swift in Sources */ = {isa = PBXBuildFile; fileRef = 3349B9D5235261500045CFF8 /* UILabel+extensions.swift */; };
		335289DB235255470084E405 /* AppDelegate.swift in Sources */ = {isa = PBXBuildFile; fileRef = 335289DA235255470084E405 /* AppDelegate.swift */; };
		335289DD235255470084E405 /* SceneDelegate.swift in Sources */ = {isa = PBXBuildFile; fileRef = 335289DC235255470084E405 /* SceneDelegate.swift */; };
		335289DF235255470084E405 /* ViewController.swift in Sources */ = {isa = PBXBuildFile; fileRef = 335289DE235255470084E405 /* ViewController.swift */; };
		335289E2235255470084E405 /* Main.storyboard in Resources */ = {isa = PBXBuildFile; fileRef = 335289E0235255470084E405 /* Main.storyboard */; };
		335289E4235255490084E405 /* Assets.xcassets in Resources */ = {isa = PBXBuildFile; fileRef = 335289E3235255490084E405 /* Assets.xcassets */; };
		335289E7235255490084E405 /* LaunchScreen.storyboard in Resources */ = {isa = PBXBuildFile; fileRef = 335289E5235255490084E405 /* LaunchScreen.storyboard */; };
		335289F2235255490084E405 /* FolledoUserAuthTests.swift in Sources */ = {isa = PBXBuildFile; fileRef = 335289F1235255490084E405 /* FolledoUserAuthTests.swift */; };
		335289FD235255490084E405 /* FolledoUserAuthUITests.swift in Sources */ = {isa = PBXBuildFile; fileRef = 335289FC235255490084E405 /* FolledoUserAuthUITests.swift */; };
		592EE74C6E4756610E33349D /* Pods_FolledoUserAuthTests.framework in Frameworks */ = {isa = PBXBuildFile; fileRef = 198A163B984F06EA7DC90C0C /* Pods_FolledoUserAuthTests.framework */; };
/* End PBXBuildFile section */

/* Begin PBXContainerItemProxy section */
		335289EE235255490084E405 /* PBXContainerItemProxy */ = {
			isa = PBXContainerItemProxy;
			containerPortal = 335289CF235255470084E405 /* Project object */;
			proxyType = 1;
			remoteGlobalIDString = 335289D6235255470084E405;
			remoteInfo = FolledoUserAuth;
		};
		335289F9235255490084E405 /* PBXContainerItemProxy */ = {
			isa = PBXContainerItemProxy;
			containerPortal = 335289CF235255470084E405 /* Project object */;
			proxyType = 1;
			remoteGlobalIDString = 335289D6235255470084E405;
			remoteInfo = FolledoUserAuth;
		};
/* End PBXContainerItemProxy section */

/* Begin PBXFileReference section */
		1394EF31BD137FD9EBCB7B50 /* Pods-FolledoUserAuth.debug.xcconfig */ = {isa = PBXFileReference; includeInIndex = 1; lastKnownFileType = text.xcconfig; name = "Pods-FolledoUserAuth.debug.xcconfig"; path = "Target Support Files/Pods-FolledoUserAuth/Pods-FolledoUserAuth.debug.xcconfig"; sourceTree = "<group>"; };
		198A163B984F06EA7DC90C0C /* Pods_FolledoUserAuthTests.framework */ = {isa = PBXFileReference; explicitFileType = wrapper.framework; includeInIndex = 0; path = Pods_FolledoUserAuthTests.framework; sourceTree = BUILT_PRODUCTS_DIR; };
		33364DA423526A1B00259081 /* Authentication.storyboard */ = {isa = PBXFileReference; lastKnownFileType = file.storyboard; path = Authentication.storyboard; sourceTree = "<group>"; };
		33364DA62352833100259081 /* AuthMenuVC.swift */ = {isa = PBXFileReference; lastKnownFileType = sourcecode.swift; path = AuthMenuVC.swift; sourceTree = "<group>"; };
		33364DAD23529E4900259081 /* UIView_Layouts+extensions.swift */ = {isa = PBXFileReference; lastKnownFileType = sourcecode.swift; path = "UIView_Layouts+extensions.swift"; sourceTree = "<group>"; };
		333AB14C237F99D0006118AC /* UIButton+extensions.swift */ = {isa = PBXFileReference; lastKnownFileType = sourcecode.swift; path = "UIButton+extensions.swift"; sourceTree = "<group>"; };
		333B841C23545B060061FB2C /* FinishRegistrationVC.swift */ = {isa = PBXFileReference; lastKnownFileType = sourcecode.swift; path = FinishRegistrationVC.swift; sourceTree = "<group>"; };
		3341F6F82354F0D7008DD935 /* GoogleService-Info.plist */ = {isa = PBXFileReference; fileEncoding = 4; lastKnownFileType = text.plist.xml; path = "GoogleService-Info.plist"; sourceTree = "<group>"; };
		3341F6FA23550311008DD935 /* User.swift */ = {isa = PBXFileReference; lastKnownFileType = sourcecode.swift; path = User.swift; sourceTree = "<group>"; };
		3341F6FC23554434008DD935 /* UITextField+extensions.swift */ = {isa = PBXFileReference; lastKnownFileType = sourcecode.swift; path = "UITextField+extensions.swift"; sourceTree = "<group>"; };
		3341F700235575D3008DD935 /* AccountTableVC.swift */ = {isa = PBXFileReference; lastKnownFileType = sourcecode.swift; path = AccountTableVC.swift; sourceTree = "<group>"; };
		3341F703235576F5008DD935 /* AccountCell.swift */ = {isa = PBXFileReference; lastKnownFileType = sourcecode.swift; path = AccountCell.swift; sourceTree = "<group>"; };
		33444BBB2353131E0062BB97 /* login.png */ = {isa = PBXFileReference; lastKnownFileType = image.png; path = login.png; sourceTree = "<group>"; };
		33444BBC2353131E0062BB97 /* register.png */ = {isa = PBXFileReference; lastKnownFileType = image.png; path = register.png; sourceTree = "<group>"; };
		3348A66E237E7652003A9576 /* UnderlinedTextField.swift */ = {isa = PBXFileReference; lastKnownFileType = sourcecode.swift; path = UnderlinedTextField.swift; sourceTree = "<group>"; };
		3348A670237E865B003A9576 /* AuthenticationVC.swift */ = {isa = PBXFileReference; lastKnownFileType = sourcecode.swift; path = AuthenticationVC.swift; sourceTree = "<group>"; };
		3348A672237E9A8F003A9576 /* CATransition+extensions.swift */ = {isa = PBXFileReference; lastKnownFileType = sourcecode.swift; path = "CATransition+extensions.swift"; sourceTree = "<group>"; };
		3349B9C823525DBF0045CFF8 /* Constants.swift */ = {isa = PBXFileReference; lastKnownFileType = sourcecode.swift; path = Constants.swift; sourceTree = "<group>"; };
		3349B9CA23525DC70045CFF8 /* Service.swift */ = {isa = PBXFileReference; lastKnownFileType = sourcecode.swift; path = Service.swift; sourceTree = "<group>"; };
		3349B9CF235260D10045CFF8 /* UIColor+extensions.swift */ = {isa = PBXFileReference; lastKnownFileType = sourcecode.swift; path = "UIColor+extensions.swift"; sourceTree = "<group>"; };
		3349B9D1235261270045CFF8 /* String+extensions.swift */ = {isa = PBXFileReference; lastKnownFileType = sourcecode.swift; path = "String+extensions.swift"; sourceTree = "<group>"; };
		3349B9D3235261380045CFF8 /* UIImageView+extensions.swift */ = {isa = PBXFileReference; lastKnownFileType = sourcecode.swift; path = "UIImageView+extensions.swift"; sourceTree = "<group>"; };
		3349B9D5235261500045CFF8 /* UILabel+extensions.swift */ = {isa = PBXFileReference; lastKnownFileType = sourcecode.swift; path = "UILabel+extensions.swift"; sourceTree = "<group>"; };
		335289D7235255470084E405 /* FolledoUserAuth.app */ = {isa = PBXFileReference; explicitFileType = wrapper.application; includeInIndex = 0; path = FolledoUserAuth.app; sourceTree = BUILT_PRODUCTS_DIR; };
		335289DA235255470084E405 /* AppDelegate.swift */ = {isa = PBXFileReference; lastKnownFileType = sourcecode.swift; path = AppDelegate.swift; sourceTree = "<group>"; };
		335289DC235255470084E405 /* SceneDelegate.swift */ = {isa = PBXFileReference; lastKnownFileType = sourcecode.swift; path = SceneDelegate.swift; sourceTree = "<group>"; };
		335289DE235255470084E405 /* ViewController.swift */ = {isa = PBXFileReference; lastKnownFileType = sourcecode.swift; path = ViewController.swift; sourceTree = "<group>"; };
		335289E1235255470084E405 /* Base */ = {isa = PBXFileReference; lastKnownFileType = file.storyboard; name = Base; path = Base.lproj/Main.storyboard; sourceTree = "<group>"; };
		335289E3235255490084E405 /* Assets.xcassets */ = {isa = PBXFileReference; lastKnownFileType = folder.assetcatalog; path = Assets.xcassets; sourceTree = "<group>"; };
		335289E6235255490084E405 /* Base */ = {isa = PBXFileReference; lastKnownFileType = file.storyboard; name = Base; path = Base.lproj/LaunchScreen.storyboard; sourceTree = "<group>"; };
		335289E8235255490084E405 /* Info.plist */ = {isa = PBXFileReference; lastKnownFileType = text.plist.xml; path = Info.plist; sourceTree = "<group>"; };
		335289ED235255490084E405 /* FolledoUserAuthTests.xctest */ = {isa = PBXFileReference; explicitFileType = wrapper.cfbundle; includeInIndex = 0; path = FolledoUserAuthTests.xctest; sourceTree = BUILT_PRODUCTS_DIR; };
		335289F1235255490084E405 /* FolledoUserAuthTests.swift */ = {isa = PBXFileReference; lastKnownFileType = sourcecode.swift; path = FolledoUserAuthTests.swift; sourceTree = "<group>"; };
		335289F3235255490084E405 /* Info.plist */ = {isa = PBXFileReference; lastKnownFileType = text.plist.xml; path = Info.plist; sourceTree = "<group>"; };
		335289F8235255490084E405 /* FolledoUserAuthUITests.xctest */ = {isa = PBXFileReference; explicitFileType = wrapper.cfbundle; includeInIndex = 0; path = FolledoUserAuthUITests.xctest; sourceTree = BUILT_PRODUCTS_DIR; };
		335289FC235255490084E405 /* FolledoUserAuthUITests.swift */ = {isa = PBXFileReference; lastKnownFileType = sourcecode.swift; path = FolledoUserAuthUITests.swift; sourceTree = "<group>"; };
		335289FE235255490084E405 /* Info.plist */ = {isa = PBXFileReference; lastKnownFileType = text.plist.xml; path = Info.plist; sourceTree = "<group>"; };
		68A79FA63ACA77AF5BDD392D /* Pods-FolledoUserAuth.release.xcconfig */ = {isa = PBXFileReference; includeInIndex = 1; lastKnownFileType = text.xcconfig; name = "Pods-FolledoUserAuth.release.xcconfig"; path = "Target Support Files/Pods-FolledoUserAuth/Pods-FolledoUserAuth.release.xcconfig"; sourceTree = "<group>"; };
		6E7C96FD165F76B5D9676063 /* Pods-FolledoUserAuth-FolledoUserAuthUITests.debug.xcconfig */ = {isa = PBXFileReference; includeInIndex = 1; lastKnownFileType = text.xcconfig; name = "Pods-FolledoUserAuth-FolledoUserAuthUITests.debug.xcconfig"; path = "Target Support Files/Pods-FolledoUserAuth-FolledoUserAuthUITests/Pods-FolledoUserAuth-FolledoUserAuthUITests.debug.xcconfig"; sourceTree = "<group>"; };
		84C9B8E1F71240CB1BBBBFA9 /* Pods-FolledoUserAuthTests.debug.xcconfig */ = {isa = PBXFileReference; includeInIndex = 1; lastKnownFileType = text.xcconfig; name = "Pods-FolledoUserAuthTests.debug.xcconfig"; path = "Target Support Files/Pods-FolledoUserAuthTests/Pods-FolledoUserAuthTests.debug.xcconfig"; sourceTree = "<group>"; };
		892281D53F18A4DF14D9BFCC /* Pods-FolledoUserAuth-FolledoUserAuthUITests.release.xcconfig */ = {isa = PBXFileReference; includeInIndex = 1; lastKnownFileType = text.xcconfig; name = "Pods-FolledoUserAuth-FolledoUserAuthUITests.release.xcconfig"; path = "Target Support Files/Pods-FolledoUserAuth-FolledoUserAuthUITests/Pods-FolledoUserAuth-FolledoUserAuthUITests.release.xcconfig"; sourceTree = "<group>"; };
		A7CECED3FE3D6ADC72AB6353 /* Pods_FolledoUserAuth_FolledoUserAuthUITests.framework */ = {isa = PBXFileReference; explicitFileType = wrapper.framework; includeInIndex = 0; path = Pods_FolledoUserAuth_FolledoUserAuthUITests.framework; sourceTree = BUILT_PRODUCTS_DIR; };
		B6AE8531C88D10BF5C247FB2 /* Pods-FolledoUserAuthTests.release.xcconfig */ = {isa = PBXFileReference; includeInIndex = 1; lastKnownFileType = text.xcconfig; name = "Pods-FolledoUserAuthTests.release.xcconfig"; path = "Target Support Files/Pods-FolledoUserAuthTests/Pods-FolledoUserAuthTests.release.xcconfig"; sourceTree = "<group>"; };
		FE961C265B33BA854AAC60A5 /* Pods_FolledoUserAuth.framework */ = {isa = PBXFileReference; explicitFileType = wrapper.framework; includeInIndex = 0; path = Pods_FolledoUserAuth.framework; sourceTree = BUILT_PRODUCTS_DIR; };
/* End PBXFileReference section */

/* Begin PBXFrameworksBuildPhase section */
		335289D4235255470084E405 /* Frameworks */ = {
			isa = PBXFrameworksBuildPhase;
			buildActionMask = 2147483647;
			files = (
				2C27DFECF627EA141142B2D9 /* Pods_FolledoUserAuth.framework in Frameworks */,
			);
			runOnlyForDeploymentPostprocessing = 0;
		};
		335289EA235255490084E405 /* Frameworks */ = {
			isa = PBXFrameworksBuildPhase;
			buildActionMask = 2147483647;
			files = (
				592EE74C6E4756610E33349D /* Pods_FolledoUserAuthTests.framework in Frameworks */,
			);
			runOnlyForDeploymentPostprocessing = 0;
		};
		335289F5235255490084E405 /* Frameworks */ = {
			isa = PBXFrameworksBuildPhase;
			buildActionMask = 2147483647;
			files = (
				2EBC6CD801D43829B2213567 /* Pods_FolledoUserAuth_FolledoUserAuthUITests.framework in Frameworks */,
			);
			runOnlyForDeploymentPostprocessing = 0;
		};
/* End PBXFrameworksBuildPhase section */

/* Begin PBXGroup section */
		33364DA82352836900259081 /* User Authentication */ = {
			isa = PBXGroup;
			children = (
				33364DA423526A1B00259081 /* Authentication.storyboard */,
				33364DA62352833100259081 /* AuthMenuVC.swift */,
				3348A670237E865B003A9576 /* AuthenticationVC.swift */,
				333B841C23545B060061FB2C /* FinishRegistrationVC.swift */,
			);
			path = "User Authentication";
			sourceTree = "<group>";
		};
		3341F6FE2355742A008DD935 /* Model */ = {
			isa = PBXGroup;
			children = (
				3341F6FA23550311008DD935 /* User.swift */,
			);
			path = Model;
			sourceTree = "<group>";
		};
		3341F6FF23557447008DD935 /* Main */ = {
			isa = PBXGroup;
			children = (
				335289E0235255470084E405 /* Main.storyboard */,
				335289DE235255470084E405 /* ViewController.swift */,
				3341F702235576C8008DD935 /* Account */,
			);
			path = Main;
			sourceTree = "<group>";
		};
		3341F702235576C8008DD935 /* Account */ = {
			isa = PBXGroup;
			children = (
				3341F700235575D3008DD935 /* AccountTableVC.swift */,
				3341F703235576F5008DD935 /* AccountCell.swift */,
			);
			path = Account;
			sourceTree = "<group>";
		};
		33444BBA235312350062BB97 /* assets */ = {
			isa = PBXGroup;
			children = (
				33444BBB2353131E0062BB97 /* login.png */,
				33444BBC2353131E0062BB97 /* register.png */,
			);
			path = assets;
			sourceTree = "<group>";
		};
		3348A66D237E760F003A9576 /* CustomViews */ = {
			isa = PBXGroup;
			children = (
				3348A66E237E7652003A9576 /* UnderlinedTextField.swift */,
			);
			path = CustomViews;
			sourceTree = "<group>";
		};
		3349B9CD23525F030045CFF8 /* Helpers */ = {
			isa = PBXGroup;
			children = (
				3348A66D237E760F003A9576 /* CustomViews */,
				3349B9CE235260B70045CFF8 /* Extensions */,
				3349B9C823525DBF0045CFF8 /* Constants.swift */,
				3349B9CA23525DC70045CFF8 /* Service.swift */,
			);
			path = Helpers;
			sourceTree = "<group>";
		};
		3349B9CE235260B70045CFF8 /* Extensions */ = {
			isa = PBXGroup;
			children = (
				3349B9CF235260D10045CFF8 /* UIColor+extensions.swift */,
				3349B9D1235261270045CFF8 /* String+extensions.swift */,
				3349B9D3235261380045CFF8 /* UIImageView+extensions.swift */,
				3349B9D5235261500045CFF8 /* UILabel+extensions.swift */,
				33364DAD23529E4900259081 /* UIView_Layouts+extensions.swift */,
				3341F6FC23554434008DD935 /* UITextField+extensions.swift */,
				3348A672237E9A8F003A9576 /* CATransition+extensions.swift */,
				333AB14C237F99D0006118AC /* UIButton+extensions.swift */,
			);
			path = Extensions;
			sourceTree = "<group>";
		};
		335289CE235255470084E405 = {
			isa = PBXGroup;
			children = (
				335289D9235255470084E405 /* FolledoUserAuth */,
				335289F0235255490084E405 /* FolledoUserAuthTests */,
				335289FB235255490084E405 /* FolledoUserAuthUITests */,
				335289D8235255470084E405 /* Products */,
				6B19BC0FE26FD6DF538EA972 /* Pods */,
				954EAEAE3AE3DF1659F6CD31 /* Frameworks */,
			);
			sourceTree = "<group>";
		};
		335289D8235255470084E405 /* Products */ = {
			isa = PBXGroup;
			children = (
				335289D7235255470084E405 /* FolledoUserAuth.app */,
				335289ED235255490084E405 /* FolledoUserAuthTests.xctest */,
				335289F8235255490084E405 /* FolledoUserAuthUITests.xctest */,
			);
			name = Products;
			sourceTree = "<group>";
		};
		335289D9235255470084E405 /* FolledoUserAuth */ = {
			isa = PBXGroup;
			children = (
				335289DA235255470084E405 /* AppDelegate.swift */,
				335289DC235255470084E405 /* SceneDelegate.swift */,
				3341F6FF23557447008DD935 /* Main */,
				3341F6FE2355742A008DD935 /* Model */,
				33364DA82352836900259081 /* User Authentication */,
				335289E3235255490084E405 /* Assets.xcassets */,
				335289E5235255490084E405 /* LaunchScreen.storyboard */,
				335289E8235255490084E405 /* Info.plist */,
				3341F6F82354F0D7008DD935 /* GoogleService-Info.plist */,
				33444BBA235312350062BB97 /* assets */,
				3349B9CD23525F030045CFF8 /* Helpers */,
			);
			path = FolledoUserAuth;
			sourceTree = "<group>";
		};
		335289F0235255490084E405 /* FolledoUserAuthTests */ = {
			isa = PBXGroup;
			children = (
				335289F1235255490084E405 /* FolledoUserAuthTests.swift */,
				335289F3235255490084E405 /* Info.plist */,
			);
			path = FolledoUserAuthTests;
			sourceTree = "<group>";
		};
		335289FB235255490084E405 /* FolledoUserAuthUITests */ = {
			isa = PBXGroup;
			children = (
				335289FC235255490084E405 /* FolledoUserAuthUITests.swift */,
				335289FE235255490084E405 /* Info.plist */,
			);
			path = FolledoUserAuthUITests;
			sourceTree = "<group>";
		};
		6B19BC0FE26FD6DF538EA972 /* Pods */ = {
			isa = PBXGroup;
			children = (
				1394EF31BD137FD9EBCB7B50 /* Pods-FolledoUserAuth.debug.xcconfig */,
				68A79FA63ACA77AF5BDD392D /* Pods-FolledoUserAuth.release.xcconfig */,
				6E7C96FD165F76B5D9676063 /* Pods-FolledoUserAuth-FolledoUserAuthUITests.debug.xcconfig */,
				892281D53F18A4DF14D9BFCC /* Pods-FolledoUserAuth-FolledoUserAuthUITests.release.xcconfig */,
				84C9B8E1F71240CB1BBBBFA9 /* Pods-FolledoUserAuthTests.debug.xcconfig */,
				B6AE8531C88D10BF5C247FB2 /* Pods-FolledoUserAuthTests.release.xcconfig */,
			);
			path = Pods;
			sourceTree = "<group>";
		};
		954EAEAE3AE3DF1659F6CD31 /* Frameworks */ = {
			isa = PBXGroup;
			children = (
				FE961C265B33BA854AAC60A5 /* Pods_FolledoUserAuth.framework */,
				A7CECED3FE3D6ADC72AB6353 /* Pods_FolledoUserAuth_FolledoUserAuthUITests.framework */,
				198A163B984F06EA7DC90C0C /* Pods_FolledoUserAuthTests.framework */,
			);
			name = Frameworks;
			sourceTree = "<group>";
		};
/* End PBXGroup section */

/* Begin PBXNativeTarget section */
		335289D6235255470084E405 /* FolledoUserAuth */ = {
			isa = PBXNativeTarget;
			buildConfigurationList = 33528A01235255490084E405 /* Build configuration list for PBXNativeTarget "FolledoUserAuth" */;
			buildPhases = (
				D18C6ED33EA319F6E738AA40 /* [CP] Check Pods Manifest.lock */,
				335289D3235255470084E405 /* Sources */,
				335289D4235255470084E405 /* Frameworks */,
				335289D5235255470084E405 /* Resources */,
				A5463EA6BECC635FB979EEBD /* [CP] Embed Pods Frameworks */,
			);
			buildRules = (
			);
			dependencies = (
			);
			name = FolledoUserAuth;
			productName = FolledoUserAuth;
			productReference = 335289D7235255470084E405 /* FolledoUserAuth.app */;
			productType = "com.apple.product-type.application";
		};
		335289EC235255490084E405 /* FolledoUserAuthTests */ = {
			isa = PBXNativeTarget;
			buildConfigurationList = 33528A04235255490084E405 /* Build configuration list for PBXNativeTarget "FolledoUserAuthTests" */;
			buildPhases = (
				627D5B1C2E6F009190D9D75D /* [CP] Check Pods Manifest.lock */,
				335289E9235255490084E405 /* Sources */,
				335289EA235255490084E405 /* Frameworks */,
				335289EB235255490084E405 /* Resources */,
			);
			buildRules = (
			);
			dependencies = (
				335289EF235255490084E405 /* PBXTargetDependency */,
			);
			name = FolledoUserAuthTests;
			productName = FolledoUserAuthTests;
			productReference = 335289ED235255490084E405 /* FolledoUserAuthTests.xctest */;
			productType = "com.apple.product-type.bundle.unit-test";
		};
		335289F7235255490084E405 /* FolledoUserAuthUITests */ = {
			isa = PBXNativeTarget;
			buildConfigurationList = 33528A07235255490084E405 /* Build configuration list for PBXNativeTarget "FolledoUserAuthUITests" */;
			buildPhases = (
				9C547983266537A3DA2774E2 /* [CP] Check Pods Manifest.lock */,
				335289F4235255490084E405 /* Sources */,
				335289F5235255490084E405 /* Frameworks */,
				335289F6235255490084E405 /* Resources */,
				EE7D77C98ADFC9167AEBB7E5 /* [CP] Embed Pods Frameworks */,
			);
			buildRules = (
			);
			dependencies = (
				335289FA235255490084E405 /* PBXTargetDependency */,
			);
			name = FolledoUserAuthUITests;
			productName = FolledoUserAuthUITests;
			productReference = 335289F8235255490084E405 /* FolledoUserAuthUITests.xctest */;
			productType = "com.apple.product-type.bundle.ui-testing";
		};
/* End PBXNativeTarget section */

/* Begin PBXProject section */
		335289CF235255470084E405 /* Project object */ = {
			isa = PBXProject;
			attributes = {
				LastSwiftUpdateCheck = 1110;
				LastUpgradeCheck = 1110;
				ORGANIZATIONNAME = SamuelFolledo;
				TargetAttributes = {
					335289D6235255470084E405 = {
						CreatedOnToolsVersion = 11.1;
					};
					335289EC235255490084E405 = {
						CreatedOnToolsVersion = 11.1;
						TestTargetID = 335289D6235255470084E405;
					};
					335289F7235255490084E405 = {
						CreatedOnToolsVersion = 11.1;
						TestTargetID = 335289D6235255470084E405;
					};
				};
			};
			buildConfigurationList = 335289D2235255470084E405 /* Build configuration list for PBXProject "FolledoUserAuth" */;
			compatibilityVersion = "Xcode 9.3";
			developmentRegion = en;
			hasScannedForEncodings = 0;
			knownRegions = (
				en,
				Base,
			);
			mainGroup = 335289CE235255470084E405;
			productRefGroup = 335289D8235255470084E405 /* Products */;
			projectDirPath = "";
			projectRoot = "";
			targets = (
				335289D6235255470084E405 /* FolledoUserAuth */,
				335289EC235255490084E405 /* FolledoUserAuthTests */,
				335289F7235255490084E405 /* FolledoUserAuthUITests */,
			);
		};
/* End PBXProject section */

/* Begin PBXResourcesBuildPhase section */
		335289D5235255470084E405 /* Resources */ = {
			isa = PBXResourcesBuildPhase;
			buildActionMask = 2147483647;
			files = (
				33364DA523526A1B00259081 /* Authentication.storyboard in Resources */,
				33444BBD2353131E0062BB97 /* login.png in Resources */,
				335289E7235255490084E405 /* LaunchScreen.storyboard in Resources */,
				335289E4235255490084E405 /* Assets.xcassets in Resources */,
				33444BBE2353131E0062BB97 /* register.png in Resources */,
				335289E2235255470084E405 /* Main.storyboard in Resources */,
				3341F6F92354F0D7008DD935 /* GoogleService-Info.plist in Resources */,
			);
			runOnlyForDeploymentPostprocessing = 0;
		};
		335289EB235255490084E405 /* Resources */ = {
			isa = PBXResourcesBuildPhase;
			buildActionMask = 2147483647;
			files = (
			);
			runOnlyForDeploymentPostprocessing = 0;
		};
		335289F6235255490084E405 /* Resources */ = {
			isa = PBXResourcesBuildPhase;
			buildActionMask = 2147483647;
			files = (
			);
			runOnlyForDeploymentPostprocessing = 0;
		};
/* End PBXResourcesBuildPhase section */

/* Begin PBXShellScriptBuildPhase section */
		627D5B1C2E6F009190D9D75D /* [CP] Check Pods Manifest.lock */ = {
			isa = PBXShellScriptBuildPhase;
			buildActionMask = 2147483647;
			files = (
			);
			inputFileListPaths = (
			);
			inputPaths = (
				"${PODS_PODFILE_DIR_PATH}/Podfile.lock",
				"${PODS_ROOT}/Manifest.lock",
			);
			name = "[CP] Check Pods Manifest.lock";
			outputFileListPaths = (
			);
			outputPaths = (
				"$(DERIVED_FILE_DIR)/Pods-FolledoUserAuthTests-checkManifestLockResult.txt",
			);
			runOnlyForDeploymentPostprocessing = 0;
			shellPath = /bin/sh;
			shellScript = "diff \"${PODS_PODFILE_DIR_PATH}/Podfile.lock\" \"${PODS_ROOT}/Manifest.lock\" > /dev/null\nif [ $? != 0 ] ; then\n    # print error to STDERR\n    echo \"error: The sandbox is not in sync with the Podfile.lock. Run 'pod install' or update your CocoaPods installation.\" >&2\n    exit 1\nfi\n# This output is used by Xcode 'outputs' to avoid re-running this script phase.\necho \"SUCCESS\" > \"${SCRIPT_OUTPUT_FILE_0}\"\n";
			showEnvVarsInLog = 0;
		};
		9C547983266537A3DA2774E2 /* [CP] Check Pods Manifest.lock */ = {
			isa = PBXShellScriptBuildPhase;
			buildActionMask = 2147483647;
			files = (
			);
			inputFileListPaths = (
			);
			inputPaths = (
				"${PODS_PODFILE_DIR_PATH}/Podfile.lock",
				"${PODS_ROOT}/Manifest.lock",
			);
			name = "[CP] Check Pods Manifest.lock";
			outputFileListPaths = (
			);
			outputPaths = (
				"$(DERIVED_FILE_DIR)/Pods-FolledoUserAuth-FolledoUserAuthUITests-checkManifestLockResult.txt",
			);
			runOnlyForDeploymentPostprocessing = 0;
			shellPath = /bin/sh;
			shellScript = "diff \"${PODS_PODFILE_DIR_PATH}/Podfile.lock\" \"${PODS_ROOT}/Manifest.lock\" > /dev/null\nif [ $? != 0 ] ; then\n    # print error to STDERR\n    echo \"error: The sandbox is not in sync with the Podfile.lock. Run 'pod install' or update your CocoaPods installation.\" >&2\n    exit 1\nfi\n# This output is used by Xcode 'outputs' to avoid re-running this script phase.\necho \"SUCCESS\" > \"${SCRIPT_OUTPUT_FILE_0}\"\n";
			showEnvVarsInLog = 0;
		};
		A5463EA6BECC635FB979EEBD /* [CP] Embed Pods Frameworks */ = {
			isa = PBXShellScriptBuildPhase;
			buildActionMask = 2147483647;
			files = (
			);
			inputFileListPaths = (
				"${PODS_ROOT}/Target Support Files/Pods-FolledoUserAuth/Pods-FolledoUserAuth-frameworks-${CONFIGURATION}-input-files.xcfilelist",
			);
			name = "[CP] Embed Pods Frameworks";
			outputFileListPaths = (
				"${PODS_ROOT}/Target Support Files/Pods-FolledoUserAuth/Pods-FolledoUserAuth-frameworks-${CONFIGURATION}-output-files.xcfilelist",
			);
			runOnlyForDeploymentPostprocessing = 0;
			shellPath = /bin/sh;
			shellScript = "\"${PODS_ROOT}/Target Support Files/Pods-FolledoUserAuth/Pods-FolledoUserAuth-frameworks.sh\"\n";
			showEnvVarsInLog = 0;
		};
		D18C6ED33EA319F6E738AA40 /* [CP] Check Pods Manifest.lock */ = {
			isa = PBXShellScriptBuildPhase;
			buildActionMask = 2147483647;
			files = (
			);
			inputFileListPaths = (
			);
			inputPaths = (
				"${PODS_PODFILE_DIR_PATH}/Podfile.lock",
				"${PODS_ROOT}/Manifest.lock",
			);
			name = "[CP] Check Pods Manifest.lock";
			outputFileListPaths = (
			);
			outputPaths = (
				"$(DERIVED_FILE_DIR)/Pods-FolledoUserAuth-checkManifestLockResult.txt",
			);
			runOnlyForDeploymentPostprocessing = 0;
			shellPath = /bin/sh;
			shellScript = "diff \"${PODS_PODFILE_DIR_PATH}/Podfile.lock\" \"${PODS_ROOT}/Manifest.lock\" > /dev/null\nif [ $? != 0 ] ; then\n    # print error to STDERR\n    echo \"error: The sandbox is not in sync with the Podfile.lock. Run 'pod install' or update your CocoaPods installation.\" >&2\n    exit 1\nfi\n# This output is used by Xcode 'outputs' to avoid re-running this script phase.\necho \"SUCCESS\" > \"${SCRIPT_OUTPUT_FILE_0}\"\n";
			showEnvVarsInLog = 0;
		};
		EE7D77C98ADFC9167AEBB7E5 /* [CP] Embed Pods Frameworks */ = {
			isa = PBXShellScriptBuildPhase;
			buildActionMask = 2147483647;
			files = (
			);
			inputFileListPaths = (
				"${PODS_ROOT}/Target Support Files/Pods-FolledoUserAuth-FolledoUserAuthUITests/Pods-FolledoUserAuth-FolledoUserAuthUITests-frameworks-${CONFIGURATION}-input-files.xcfilelist",
			);
			name = "[CP] Embed Pods Frameworks";
			outputFileListPaths = (
				"${PODS_ROOT}/Target Support Files/Pods-FolledoUserAuth-FolledoUserAuthUITests/Pods-FolledoUserAuth-FolledoUserAuthUITests-frameworks-${CONFIGURATION}-output-files.xcfilelist",
			);
			runOnlyForDeploymentPostprocessing = 0;
			shellPath = /bin/sh;
			shellScript = "\"${PODS_ROOT}/Target Support Files/Pods-FolledoUserAuth-FolledoUserAuthUITests/Pods-FolledoUserAuth-FolledoUserAuthUITests-frameworks.sh\"\n";
			showEnvVarsInLog = 0;
		};
/* End PBXShellScriptBuildPhase section */

/* Begin PBXSourcesBuildPhase section */
		335289D3235255470084E405 /* Sources */ = {
			isa = PBXSourcesBuildPhase;
			buildActionMask = 2147483647;
			files = (
				3341F6FB23550311008DD935 /* User.swift in Sources */,
				3341F6FD23554434008DD935 /* UITextField+extensions.swift in Sources */,
				3348A671237E865B003A9576 /* AuthenticationVC.swift in Sources */,
				333B841D23545B060061FB2C /* FinishRegistrationVC.swift in Sources */,
				335289DF235255470084E405 /* ViewController.swift in Sources */,
				333AB14D237F99D0006118AC /* UIButton+extensions.swift in Sources */,
				3348A66F237E7652003A9576 /* UnderlinedTextField.swift in Sources */,
				33364DAE23529E4900259081 /* UIView_Layouts+extensions.swift in Sources */,
				3349B9D2235261270045CFF8 /* String+extensions.swift in Sources */,
				335289DB235255470084E405 /* AppDelegate.swift in Sources */,
				3349B9CB23525DC70045CFF8 /* Service.swift in Sources */,
				33364DA72352833100259081 /* AuthMenuVC.swift in Sources */,
				3341F704235576F5008DD935 /* AccountCell.swift in Sources */,
				3348A673237E9A8F003A9576 /* CATransition+extensions.swift in Sources */,
				335289DD235255470084E405 /* SceneDelegate.swift in Sources */,
				3349B9C923525DBF0045CFF8 /* Constants.swift in Sources */,
				3341F701235575D3008DD935 /* AccountTableVC.swift in Sources */,
				3349B9D4235261380045CFF8 /* UIImageView+extensions.swift in Sources */,
				3349B9D0235260D10045CFF8 /* UIColor+extensions.swift in Sources */,
				3349B9D6235261500045CFF8 /* UILabel+extensions.swift in Sources */,
			);
			runOnlyForDeploymentPostprocessing = 0;
		};
		335289E9235255490084E405 /* Sources */ = {
			isa = PBXSourcesBuildPhase;
			buildActionMask = 2147483647;
			files = (
				335289F2235255490084E405 /* FolledoUserAuthTests.swift in Sources */,
			);
			runOnlyForDeploymentPostprocessing = 0;
		};
		335289F4235255490084E405 /* Sources */ = {
			isa = PBXSourcesBuildPhase;
			buildActionMask = 2147483647;
			files = (
				335289FD235255490084E405 /* FolledoUserAuthUITests.swift in Sources */,
			);
			runOnlyForDeploymentPostprocessing = 0;
		};
/* End PBXSourcesBuildPhase section */

/* Begin PBXTargetDependency section */
		335289EF235255490084E405 /* PBXTargetDependency */ = {
			isa = PBXTargetDependency;
			target = 335289D6235255470084E405 /* FolledoUserAuth */;
			targetProxy = 335289EE235255490084E405 /* PBXContainerItemProxy */;
		};
		335289FA235255490084E405 /* PBXTargetDependency */ = {
			isa = PBXTargetDependency;
			target = 335289D6235255470084E405 /* FolledoUserAuth */;
			targetProxy = 335289F9235255490084E405 /* PBXContainerItemProxy */;
		};
/* End PBXTargetDependency section */

/* Begin PBXVariantGroup section */
		335289E0235255470084E405 /* Main.storyboard */ = {
			isa = PBXVariantGroup;
			children = (
				335289E1235255470084E405 /* Base */,
			);
			name = Main.storyboard;
			sourceTree = "<group>";
		};
		335289E5235255490084E405 /* LaunchScreen.storyboard */ = {
			isa = PBXVariantGroup;
			children = (
				335289E6235255490084E405 /* Base */,
			);
			name = LaunchScreen.storyboard;
			sourceTree = "<group>";
		};
/* End PBXVariantGroup section */

/* Begin XCBuildConfiguration section */
		335289FF235255490084E405 /* Debug */ = {
			isa = XCBuildConfiguration;
			buildSettings = {
				ALWAYS_SEARCH_USER_PATHS = NO;
				CLANG_ANALYZER_NONNULL = YES;
				CLANG_ANALYZER_NUMBER_OBJECT_CONVERSION = YES_AGGRESSIVE;
				CLANG_CXX_LANGUAGE_STANDARD = "gnu++14";
				CLANG_CXX_LIBRARY = "libc++";
				CLANG_ENABLE_MODULES = YES;
				CLANG_ENABLE_OBJC_ARC = YES;
				CLANG_ENABLE_OBJC_WEAK = YES;
				CLANG_WARN_BLOCK_CAPTURE_AUTORELEASING = YES;
				CLANG_WARN_BOOL_CONVERSION = YES;
				CLANG_WARN_COMMA = YES;
				CLANG_WARN_CONSTANT_CONVERSION = YES;
				CLANG_WARN_DEPRECATED_OBJC_IMPLEMENTATIONS = YES;
				CLANG_WARN_DIRECT_OBJC_ISA_USAGE = YES_ERROR;
				CLANG_WARN_DOCUMENTATION_COMMENTS = YES;
				CLANG_WARN_EMPTY_BODY = YES;
				CLANG_WARN_ENUM_CONVERSION = YES;
				CLANG_WARN_INFINITE_RECURSION = YES;
				CLANG_WARN_INT_CONVERSION = YES;
				CLANG_WARN_NON_LITERAL_NULL_CONVERSION = YES;
				CLANG_WARN_OBJC_IMPLICIT_RETAIN_SELF = YES;
				CLANG_WARN_OBJC_LITERAL_CONVERSION = YES;
				CLANG_WARN_OBJC_ROOT_CLASS = YES_ERROR;
				CLANG_WARN_RANGE_LOOP_ANALYSIS = YES;
				CLANG_WARN_STRICT_PROTOTYPES = YES;
				CLANG_WARN_SUSPICIOUS_MOVE = YES;
				CLANG_WARN_UNGUARDED_AVAILABILITY = YES_AGGRESSIVE;
				CLANG_WARN_UNREACHABLE_CODE = YES;
				CLANG_WARN__DUPLICATE_METHOD_MATCH = YES;
				COPY_PHASE_STRIP = NO;
				DEBUG_INFORMATION_FORMAT = dwarf;
				ENABLE_STRICT_OBJC_MSGSEND = YES;
				ENABLE_TESTABILITY = YES;
				GCC_C_LANGUAGE_STANDARD = gnu11;
				GCC_DYNAMIC_NO_PIC = NO;
				GCC_NO_COMMON_BLOCKS = YES;
				GCC_OPTIMIZATION_LEVEL = 0;
				GCC_PREPROCESSOR_DEFINITIONS = (
					"DEBUG=1",
					"$(inherited)",
				);
				GCC_WARN_64_TO_32_BIT_CONVERSION = YES;
				GCC_WARN_ABOUT_RETURN_TYPE = YES_ERROR;
				GCC_WARN_UNDECLARED_SELECTOR = YES;
				GCC_WARN_UNINITIALIZED_AUTOS = YES_AGGRESSIVE;
				GCC_WARN_UNUSED_FUNCTION = YES;
				GCC_WARN_UNUSED_VARIABLE = YES;
				IPHONEOS_DEPLOYMENT_TARGET = 13.1;
				MTL_ENABLE_DEBUG_INFO = INCLUDE_SOURCE;
				MTL_FAST_MATH = YES;
				ONLY_ACTIVE_ARCH = YES;
				SDKROOT = iphoneos;
				SWIFT_ACTIVE_COMPILATION_CONDITIONS = DEBUG;
				SWIFT_OPTIMIZATION_LEVEL = "-Onone";
			};
			name = Debug;
		};
		33528A00235255490084E405 /* Release */ = {
			isa = XCBuildConfiguration;
			buildSettings = {
				ALWAYS_SEARCH_USER_PATHS = NO;
				CLANG_ANALYZER_NONNULL = YES;
				CLANG_ANALYZER_NUMBER_OBJECT_CONVERSION = YES_AGGRESSIVE;
				CLANG_CXX_LANGUAGE_STANDARD = "gnu++14";
				CLANG_CXX_LIBRARY = "libc++";
				CLANG_ENABLE_MODULES = YES;
				CLANG_ENABLE_OBJC_ARC = YES;
				CLANG_ENABLE_OBJC_WEAK = YES;
				CLANG_WARN_BLOCK_CAPTURE_AUTORELEASING = YES;
				CLANG_WARN_BOOL_CONVERSION = YES;
				CLANG_WARN_COMMA = YES;
				CLANG_WARN_CONSTANT_CONVERSION = YES;
				CLANG_WARN_DEPRECATED_OBJC_IMPLEMENTATIONS = YES;
				CLANG_WARN_DIRECT_OBJC_ISA_USAGE = YES_ERROR;
				CLANG_WARN_DOCUMENTATION_COMMENTS = YES;
				CLANG_WARN_EMPTY_BODY = YES;
				CLANG_WARN_ENUM_CONVERSION = YES;
				CLANG_WARN_INFINITE_RECURSION = YES;
				CLANG_WARN_INT_CONVERSION = YES;
				CLANG_WARN_NON_LITERAL_NULL_CONVERSION = YES;
				CLANG_WARN_OBJC_IMPLICIT_RETAIN_SELF = YES;
				CLANG_WARN_OBJC_LITERAL_CONVERSION = YES;
				CLANG_WARN_OBJC_ROOT_CLASS = YES_ERROR;
				CLANG_WARN_RANGE_LOOP_ANALYSIS = YES;
				CLANG_WARN_STRICT_PROTOTYPES = YES;
				CLANG_WARN_SUSPICIOUS_MOVE = YES;
				CLANG_WARN_UNGUARDED_AVAILABILITY = YES_AGGRESSIVE;
				CLANG_WARN_UNREACHABLE_CODE = YES;
				CLANG_WARN__DUPLICATE_METHOD_MATCH = YES;
				COPY_PHASE_STRIP = NO;
				DEBUG_INFORMATION_FORMAT = "dwarf-with-dsym";
				ENABLE_NS_ASSERTIONS = NO;
				ENABLE_STRICT_OBJC_MSGSEND = YES;
				GCC_C_LANGUAGE_STANDARD = gnu11;
				GCC_NO_COMMON_BLOCKS = YES;
				GCC_WARN_64_TO_32_BIT_CONVERSION = YES;
				GCC_WARN_ABOUT_RETURN_TYPE = YES_ERROR;
				GCC_WARN_UNDECLARED_SELECTOR = YES;
				GCC_WARN_UNINITIALIZED_AUTOS = YES_AGGRESSIVE;
				GCC_WARN_UNUSED_FUNCTION = YES;
				GCC_WARN_UNUSED_VARIABLE = YES;
				IPHONEOS_DEPLOYMENT_TARGET = 13.1;
				MTL_ENABLE_DEBUG_INFO = NO;
				MTL_FAST_MATH = YES;
				SDKROOT = iphoneos;
				SWIFT_COMPILATION_MODE = wholemodule;
				SWIFT_OPTIMIZATION_LEVEL = "-O";
				VALIDATE_PRODUCT = YES;
			};
			name = Release;
		};
		33528A02235255490084E405 /* Debug */ = {
			isa = XCBuildConfiguration;
			baseConfigurationReference = 1394EF31BD137FD9EBCB7B50 /* Pods-FolledoUserAuth.debug.xcconfig */;
			buildSettings = {
				ASSETCATALOG_COMPILER_APPICON_NAME = AppIcon;
				CODE_SIGN_STYLE = Automatic;
				DEVELOPMENT_TEAM = 9NY68F4K3P;
				INFOPLIST_FILE = FolledoUserAuth/Info.plist;
				LD_RUNPATH_SEARCH_PATHS = (
					"$(inherited)",
					"@executable_path/Frameworks",
				);
				PRODUCT_BUNDLE_IDENTIFIER = SamuelFolledo.FolledoUserAuth;
				PRODUCT_NAME = "$(TARGET_NAME)";
				SWIFT_VERSION = 5.0;
				TARGETED_DEVICE_FAMILY = "1,2";
			};
			name = Debug;
		};
		33528A03235255490084E405 /* Release */ = {
			isa = XCBuildConfiguration;
			baseConfigurationReference = 68A79FA63ACA77AF5BDD392D /* Pods-FolledoUserAuth.release.xcconfig */;
			buildSettings = {
				ASSETCATALOG_COMPILER_APPICON_NAME = AppIcon;
				CODE_SIGN_STYLE = Automatic;
				DEVELOPMENT_TEAM = 9NY68F4K3P;
				INFOPLIST_FILE = FolledoUserAuth/Info.plist;
				LD_RUNPATH_SEARCH_PATHS = (
					"$(inherited)",
					"@executable_path/Frameworks",
				);
				PRODUCT_BUNDLE_IDENTIFIER = SamuelFolledo.FolledoUserAuth;
				PRODUCT_NAME = "$(TARGET_NAME)";
				SWIFT_VERSION = 5.0;
				TARGETED_DEVICE_FAMILY = "1,2";
			};
			name = Release;
		};
		33528A05235255490084E405 /* Debug */ = {
			isa = XCBuildConfiguration;
			baseConfigurationReference = 84C9B8E1F71240CB1BBBBFA9 /* Pods-FolledoUserAuthTests.debug.xcconfig */;
			buildSettings = {
				ALWAYS_EMBED_SWIFT_STANDARD_LIBRARIES = YES;
				BUNDLE_LOADER = "$(TEST_HOST)";
				CODE_SIGN_STYLE = Automatic;
				DEVELOPMENT_TEAM = 9NY68F4K3P;
				INFOPLIST_FILE = FolledoUserAuthTests/Info.plist;
				IPHONEOS_DEPLOYMENT_TARGET = 13.1;
				LD_RUNPATH_SEARCH_PATHS = (
					"$(inherited)",
					"@executable_path/Frameworks",
					"@loader_path/Frameworks",
				);
				PRODUCT_BUNDLE_IDENTIFIER = SamuelFolledo.FolledoUserAuthTests;
				PRODUCT_NAME = "$(TARGET_NAME)";
				SWIFT_VERSION = 5.0;
				TARGETED_DEVICE_FAMILY = "1,2";
				TEST_HOST = "$(BUILT_PRODUCTS_DIR)/FolledoUserAuth.app/FolledoUserAuth";
			};
			name = Debug;
		};
		33528A06235255490084E405 /* Release */ = {
			isa = XCBuildConfiguration;
			baseConfigurationReference = B6AE8531C88D10BF5C247FB2 /* Pods-FolledoUserAuthTests.release.xcconfig */;
			buildSettings = {
				ALWAYS_EMBED_SWIFT_STANDARD_LIBRARIES = YES;
				BUNDLE_LOADER = "$(TEST_HOST)";
				CODE_SIGN_STYLE = Automatic;
				DEVELOPMENT_TEAM = 9NY68F4K3P;
				INFOPLIST_FILE = FolledoUserAuthTests/Info.plist;
				IPHONEOS_DEPLOYMENT_TARGET = 13.1;
				LD_RUNPATH_SEARCH_PATHS = (
					"$(inherited)",
					"@executable_path/Frameworks",
					"@loader_path/Frameworks",
				);
				PRODUCT_BUNDLE_IDENTIFIER = SamuelFolledo.FolledoUserAuthTests;
				PRODUCT_NAME = "$(TARGET_NAME)";
				SWIFT_VERSION = 5.0;
				TARGETED_DEVICE_FAMILY = "1,2";
				TEST_HOST = "$(BUILT_PRODUCTS_DIR)/FolledoUserAuth.app/FolledoUserAuth";
			};
			name = Release;
		};
		33528A08235255490084E405 /* Debug */ = {
			isa = XCBuildConfiguration;
			baseConfigurationReference = 6E7C96FD165F76B5D9676063 /* Pods-FolledoUserAuth-FolledoUserAuthUITests.debug.xcconfig */;
			buildSettings = {
				ALWAYS_EMBED_SWIFT_STANDARD_LIBRARIES = YES;
				CODE_SIGN_STYLE = Automatic;
				DEVELOPMENT_TEAM = 9NY68F4K3P;
				INFOPLIST_FILE = FolledoUserAuthUITests/Info.plist;
				LD_RUNPATH_SEARCH_PATHS = (
					"$(inherited)",
					"@executable_path/Frameworks",
					"@loader_path/Frameworks",
				);
				PRODUCT_BUNDLE_IDENTIFIER = SamuelFolledo.FolledoUserAuthUITests;
				PRODUCT_NAME = "$(TARGET_NAME)";
				SWIFT_VERSION = 5.0;
				TARGETED_DEVICE_FAMILY = "1,2";
				TEST_TARGET_NAME = FolledoUserAuth;
			};
			name = Debug;
		};
		33528A09235255490084E405 /* Release */ = {
			isa = XCBuildConfiguration;
			baseConfigurationReference = 892281D53F18A4DF14D9BFCC /* Pods-FolledoUserAuth-FolledoUserAuthUITests.release.xcconfig */;
			buildSettings = {
				ALWAYS_EMBED_SWIFT_STANDARD_LIBRARIES = YES;
				CODE_SIGN_STYLE = Automatic;
				DEVELOPMENT_TEAM = 9NY68F4K3P;
				INFOPLIST_FILE = FolledoUserAuthUITests/Info.plist;
				LD_RUNPATH_SEARCH_PATHS = (
					"$(inherited)",
					"@executable_path/Frameworks",
					"@loader_path/Frameworks",
				);
				PRODUCT_BUNDLE_IDENTIFIER = SamuelFolledo.FolledoUserAuthUITests;
				PRODUCT_NAME = "$(TARGET_NAME)";
				SWIFT_VERSION = 5.0;
				TARGETED_DEVICE_FAMILY = "1,2";
				TEST_TARGET_NAME = FolledoUserAuth;
			};
			name = Release;
		};
/* End XCBuildConfiguration section */

/* Begin XCConfigurationList section */
		335289D2235255470084E405 /* Build configuration list for PBXProject "FolledoUserAuth" */ = {
			isa = XCConfigurationList;
			buildConfigurations = (
				335289FF235255490084E405 /* Debug */,
				33528A00235255490084E405 /* Release */,
			);
			defaultConfigurationIsVisible = 0;
			defaultConfigurationName = Release;
		};
		33528A01235255490084E405 /* Build configuration list for PBXNativeTarget "FolledoUserAuth" */ = {
			isa = XCConfigurationList;
			buildConfigurations = (
				33528A02235255490084E405 /* Debug */,
				33528A03235255490084E405 /* Release */,
			);
			defaultConfigurationIsVisible = 0;
			defaultConfigurationName = Release;
		};
		33528A04235255490084E405 /* Build configuration list for PBXNativeTarget "FolledoUserAuthTests" */ = {
			isa = XCConfigurationList;
			buildConfigurations = (
				33528A05235255490084E405 /* Debug */,
				33528A06235255490084E405 /* Release */,
			);
			defaultConfigurationIsVisible = 0;
			defaultConfigurationName = Release;
		};
		33528A07235255490084E405 /* Build configuration list for PBXNativeTarget "FolledoUserAuthUITests" */ = {
			isa = XCConfigurationList;
			buildConfigurations = (
				33528A08235255490084E405 /* Debug */,
				33528A09235255490084E405 /* Release */,
			);
			defaultConfigurationIsVisible = 0;
			defaultConfigurationName = Release;
		};
/* End XCConfigurationList section */
	};
	rootObject = 335289CF235255470084E405 /* Project object */;
}
